// !$*UTF8*$!
{
	archiveVersion = 1;
	classes = {
	};
	objectVersion = 46;
	objects = {

/* Begin PBXBuildFile section */
		B98D8D671E74F973006EFD6B /* AppDelegate.swift in Sources */ = {isa = PBXBuildFile; fileRef = B98D8D661E74F973006EFD6B /* AppDelegate.swift */; };
		B98D8D691E74F973006EFD6B /* ViewController.swift in Sources */ = {isa = PBXBuildFile; fileRef = B98D8D681E74F973006EFD6B /* ViewController.swift */; };
		B98D8D6C1E74F973006EFD6B /* Main.storyboard in Resources */ = {isa = PBXBuildFile; fileRef = B98D8D6A1E74F973006EFD6B /* Main.storyboard */; };
		B98D8D6E1E74F973006EFD6B /* Assets.xcassets in Resources */ = {isa = PBXBuildFile; fileRef = B98D8D6D1E74F973006EFD6B /* Assets.xcassets */; };
		B98D8D711E74F973006EFD6B /* LaunchScreen.storyboard in Resources */ = {isa = PBXBuildFile; fileRef = B98D8D6F1E74F973006EFD6B /* LaunchScreen.storyboard */; };
		B98D8D791E74FA47006EFD6B /* VController.swift in Sources */ = {isa = PBXBuildFile; fileRef = B98D8D781E74FA47006EFD6B /* VController.swift */; };
/* End PBXBuildFile section */

/* Begin PBXFileReference section */
		B98D8D631E74F973006EFD6B /* abc.app */ = {isa = PBXFileReference; explicitFileType = wrapper.application; includeInIndex = 0; path = abc.app; sourceTree = BUILT_PRODUCTS_DIR; };
		B98D8D661E74F973006EFD6B /* AppDelegate.swift */ = {isa = PBXFileReference; lastKnownFileType = sourcecode.swift; path = AppDelegate.swift; sourceTree = "<group>"; };
		B98D8D681E74F973006EFD6B /* ViewController.swift */ = {isa = PBXFileReference; lastKnownFileType = sourcecode.swift; path = ViewController.swift; sourceTree = "<group>"; };
		B98D8D6B1E74F973006EFD6B /* Base */ = {isa = PBXFileReference; lastKnownFileType = file.storyboard; name = Base; path = Base.lproj/Main.storyboard; sourceTree = "<group>"; };
		B98D8D6D1E74F973006EFD6B /* Assets.xcassets */ = {isa = PBXFileReference; lastKnownFileType = folder.assetcatalog; path = Assets.xcassets; sourceTree = "<group>"; };
		B98D8D701E74F973006EFD6B /* Base */ = {isa = PBXFileReference; lastKnownFileType = file.storyboard; name = Base; path = Base.lproj/LaunchScreen.storyboard; sourceTree = "<group>"; };
		B98D8D721E74F973006EFD6B /* Info.plist */ = {isa = PBXFileReference; lastKnownFileType = text.plist.xml; path = Info.plist; sourceTree = "<group>"; };
		B98D8D781E74FA47006EFD6B /* VController.swift */ = {isa = PBXFileReference; fileEncoding = 4; lastKnownFileType = sourcecode.swift; path = VController.swift; sourceTree = "<group>"; };
/* End PBXFileReference section */

/* Begin PBXFrameworksBuildPhase section */
		B98D8D601E74F973006EFD6B /* Frameworks */ = {
			isa = PBXFrameworksBuildPhase;
			buildActionMask = 2147483647;
			files = (
			);
			runOnlyForDeploymentPostprocessing = 0;
		};
/* End PBXFrameworksBuildPhase section */

/* Begin PBXGroup section */
		B98D8D5A1E74F973006EFD6B = {
			isa = PBXGroup;
			children = (
				B98D8D651E74F973006EFD6B /* abc */,
				B98D8D641E74F973006EFD6B /* Products */,
			);
			sourceTree = "<group>";
		};
		B98D8D641E74F973006EFD6B /* Products */ = {
			isa = PBXGroup;
			children = (
				B98D8D631E74F973006EFD6B /* abc.app */,
			);
			name = Products;
			sourceTree = "<group>";
		};
		B98D8D651E74F973006EFD6B /* abc */ = {
			isa = PBXGroup;
			children = (
				B98D8D661E74F973006EFD6B /* AppDelegate.swift */,
				B98D8D681E74F973006EFD6B /* ViewController.swift */,
				B98D8D6A1E74F973006EFD6B /* Main.storyboard */,
				B98D8D6D1E74F973006EFD6B /* Assets.xcassets */,
				B98D8D6F1E74F973006EFD6B /* LaunchScreen.storyboard */,
				B98D8D721E74F973006EFD6B /* Info.plist */,
				B98D8D781E74FA47006EFD6B /* VController.swift */,
			);
			path = abc;
			sourceTree = "<group>";
		};
/* End PBXGroup section */

/* Begin PBXNativeTarget section */
		B98D8D621E74F973006EFD6B /* abc */ = {
			isa = PBXNativeTarget;
			buildConfigurationList = B98D8D751E74F973006EFD6B /* Build configuration list for PBXNativeTarget "abc" */;
			buildPhases = (
				B98D8D5F1E74F973006EFD6B /* Sources */,
				B98D8D601E74F973006EFD6B /* Frameworks */,
				B98D8D611E74F973006EFD6B /* Resources */,
			);
			buildRules = (
			);
			dependencies = (
			);
			name = abc;
			productName = abc;
			productReference = B98D8D631E74F973006EFD6B /* abc.app */;
			productType = "com.apple.product-type.application";
		};
/* End PBXNativeTarget section */

/* Begin PBXProject section */
		B98D8D5B1E74F973006EFD6B /* Project object */ = {
			isa = PBXProject;
			attributes = {
				LastSwiftUpdateCheck = 0810;
				LastUpgradeCheck = 0810;
				ORGANIZATIONNAME = "Jagdeep Singh";
				TargetAttributes = {
					B98D8D621E74F973006EFD6B = {
						CreatedOnToolsVersion = 8.1;
						ProvisioningStyle = Automatic;
					};
				};
			};
			buildConfigurationList = B98D8D5E1E74F973006EFD6B /* Build configuration list for PBXProject "abc" */;
			compatibilityVersion = "Xcode 3.2";
			developmentRegion = English;
			hasScannedForEncodings = 0;
			knownRegions = (
				en,
				Base,
			);
			mainGroup = B98D8D5A1E74F973006EFD6B;
			productRefGroup = B98D8D641E74F973006EFD6B /* Products */;
			projectDirPath = "";
			projectRoot = "";
			targets = (
				B98D8D621E74F973006EFD6B /* abc */,
			);
		};
/* End PBXProject section */

/* Begin PBXResourcesBuildPhase section */
		B98D8D611E74F973006EFD6B /* Resources */ = {
			isa = PBXResourcesBuildPhase;
			buildActionMask = 2147483647;
			files = (
				B98D8D711E74F973006EFD6B /* LaunchScreen.storyboard in Resources */,
				B98D8D6E1E74F973006EFD6B /* Assets.xcassets in Resources */,
				B98D8D6C1E74F973006EFD6B /* Main.storyboard in Resources */,
			);
			runOnlyForDeploymentPostprocessing = 0;
		};
/* End PBXResourcesBuildPhase section */

/* Begin PBXSourcesBuildPhase section */
		B98D8D5F1E74F973006EFD6B /* Sources */ = {
			isa = PBXSourcesBuildPhase;
			buildActionMask = 2147483647;
			files = (
				B98D8D791E74FA47006EFD6B /* VController.swift in Sources */,
				B98D8D691E74F973006EFD6B /* ViewController.swift in Sources */,
				B98D8D671E74F973006EFD6B /* AppDelegate.swift in Sources */,
			);
			runOnlyForDeploymentPostprocessing = 0;
		};
/* End PBXSourcesBuildPhase section */

/* Begin PBXVariantGroup section */
		B98D8D6A1E74F973006EFD6B /* Main.storyboard */ = {
			isa = PBXVariantGroup;
			children = (
				B98D8D6B1E74F973006EFD6B /* Base */,
			);
			name = Main.storyboard;
			sourceTree = "<group>";
		};
		B98D8D6F1E74F973006EFD6B /* LaunchScreen.storyboard */ = {
			isa = PBXVariantGroup;
			children = (
				B98D8D701E74F973006EFD6B /* Base */,
			);
			name = LaunchScreen.storyboard;
			sourceTree = "<group>";
		};
/* End PBXVariantGroup section */

/* Begin XCBuildConfiguration section */
		B98D8D731E74F973006EFD6B /* Debug */ = {
			isa = XCBuildConfiguration;
			buildSettings = {
				ALWAYS_SEARCH_USER_PATHS = NO;
				CLANG_ANALYZER_NONNULL = YES;
				CLANG_CXX_LANGUAGE_STANDARD = "gnu++0x";
				CLANG_CXX_LIBRARY = "libc++";
				CLANG_ENABLE_MODULES = YES;
				CLANG_ENABLE_OBJC_ARC = YES;
				CLANG_WARN_BOOL_CONVERSION = YES;
				CLANG_WARN_CONSTANT_CONVERSION = YES;
				CLANG_WARN_DIRECT_OBJC_ISA_USAGE = YES_ERROR;
				CLANG_WARN_DOCUMENTATION_COMMENTS = YES;
				CLANG_WARN_EMPTY_BODY = YES;
				CLANG_WARN_ENUM_CONVERSION = YES;
				CLANG_WARN_INFINITE_RECURSION = YES;
				CLANG_WARN_INT_CONVERSION = YES;
				CLANG_WARN_OBJC_ROOT_CLASS = YES_ERROR;
				CLANG_WARN_SUSPICIOUS_MOVES = YES;
				CLANG_WARN_UNREACHABLE_CODE = YES;
				CLANG_WARN__DUPLICATE_METHOD_MATCH = YES;
				"CODE_SIGN_IDENTITY[sdk=iphoneos*]" = "iPhone Developer";
				COPY_PHASE_STRIP = NO;
				DEBUG_INFORMATION_FORMAT = dwarf;
				ENABLE_STRICT_OBJC_MSGSEND = YES;
				ENABLE_TESTABILITY = YES;
				GCC_C_LANGUAGE_STANDARD = gnu99;
				GCC_DYNAMIC_NO_PIC = NO;
				GCC_NO_COMMON_BLOCKS = YES;
				GCC_OPTIMIZATION_LEVEL = 0;
				GCC_PREPROCESSOR_DEFINITIONS = (
					"DEBUG=1",
					"$(inherited)",
				);
				GCC_WARN_64_TO_32_BIT_CONVERSION = YES;
				GCC_WARN_ABOUT_RETURN_TYPE = YES_ERROR;
				GCC_WARN_UNDECLARED_SELECTOR = YES;
				GCC_WARN_UNINITIALIZED_AUTOS = YES_AGGRESSIVE;
				GCC_WARN_UNUSED_FUNCTION = YES;
				GCC_WARN_UNUSED_VARIABLE = YES;
				IPHONEOS_DEPLOYMENT_TARGET = 10.1;
				MTL_ENABLE_DEBUG_INFO = YES;
				ONLY_ACTIVE_ARCH = YES;
				SDKROOT = iphoneos;
				SWIFT_ACTIVE_COMPILATION_CONDITIONS = DEBUG;
				SWIFT_OPTIMIZATION_LEVEL = "-Onone";
			};
			name = Debug;
		};
		B98D8D741E74F973006EFD6B /* Release */ = {
			isa = XCBuildConfiguration;
			buildSettings = {
				ALWAYS_SEARCH_USER_PATHS = NO;
				CLANG_ANALYZER_NONNULL = YES;
				CLANG_CXX_LANGUAGE_STANDARD = "gnu++0x";
				CLANG_CXX_LIBRARY = "libc++";
				CLANG_ENABLE_MODULES = YES;
				CLANG_ENABLE_OBJC_ARC = YES;
				CLANG_WARN_BOOL_CONVERSION = YES;
				CLANG_WARN_CONSTANT_CONVERSION = YES;
				CLANG_WARN_DIRECT_OBJC_ISA_USAGE = YES_ERROR;
				CLANG_WARN_DOCUMENTATION_COMMENTS = YES;
				CLANG_WARN_EMPTY_BODY = YES;
				CLANG_WARN_ENUM_CONVERSION = YES;
				CLANG_WARN_INFINITE_RECURSION = YES;
				CLANG_WARN_INT_CONVERSION = YES;
				CLANG_WARN_OBJC_ROOT_CLASS = YES_ERROR;
				CLANG_WARN_SUSPICIOUS_MOVES = YES;
				CLANG_WARN_UNREACHABLE_CODE = YES;
				CLANG_WARN__DUPLICATE_METHOD_MATCH = YES;
				"CODE_SIGN_IDENTITY[sdk=iphoneos*]" = "iPhone Developer";
				COPY_PHASE_STRIP = NO;
				DEBUG_INFORMATION_FORMAT = "dwarf-with-dsym";
				ENABLE_NS_ASSERTIONS = NO;
				ENABLE_STRICT_OBJC_MSGSEND = YES;
				GCC_C_LANGUAGE_STANDARD = gnu99;
				GCC_NO_COMMON_BLOCKS = YES;
				GCC_WARN_64_TO_32_BIT_CONVERSION = YES;
				GCC_WARN_ABOUT_RETURN_TYPE = YES_ERROR;
				GCC_WARN_UNDECLARED_SELECTOR = YES;
				GCC_WARN_UNINITIALIZED_AUTOS = YES_AGGRESSIVE;
				GCC_WARN_UNUSED_FUNCTION = YES;
				GCC_WARN_UNUSED_VARIABLE = YES;
				IPHONEOS_DEPLOYMENT_TARGET = 10.1;
				MTL_ENABLE_DEBUG_INFO = NO;
				SDKROOT = iphoneos;
				SWIFT_OPTIMIZATION_LEVEL = "-Owholemodule";
				VALIDATE_PRODUCT = YES;
			};
			name = Release;
		};
		B98D8D761E74F973006EFD6B /* Debug */ = {
			isa = XCBuildConfiguration;
			buildSettings = {
				ASSETCATALOG_COMPILER_APPICON_NAME = AppIcon;
				INFOPLIST_FILE = abc/Info.plist;
				LD_RUNPATH_SEARCH_PATHS = "$(inherited) @executable_path/Frameworks";
				PRODUCT_BUNDLE_IDENTIFIER = com.js.abc;
				PRODUCT_NAME = "$(TARGET_NAME)";
				SWIFT_VERSION = 3.0;
			};
			name = Debug;
		};
		B98D8D771E74F973006EFD6B /* Release */ = {
			isa = XCBuildConfiguration;
			buildSettings = {
				ASSETCATALOG_COMPILER_APPICON_NAME = AppIcon;
				INFOPLIST_FILE = abc/Info.plist;
				LD_RUNPATH_SEARCH_PATHS = "$(inherited) @executable_path/Frameworks";
				PRODUCT_BUNDLE_IDENTIFIER = com.js.abc;
				PRODUCT_NAME = "$(TARGET_NAME)";
				SWIFT_VERSION = 3.0;
			};
			name = Release;
		};
/* End XCBuildConfiguration section */

/* Begin XCConfigurationList section */
		B98D8D5E1E74F973006EFD6B /* Build configuration list for PBXProject "abc" */ = {
			isa = XCConfigurationList;
			buildConfigurations = (
				B98D8D731E74F973006EFD6B /* Debug */,
				B98D8D741E74F973006EFD6B /* Release */,
			);
			defaultConfigurationIsVisible = 0;
			defaultConfigurationName = Release;
		};
		B98D8D751E74F973006EFD6B /* Build configuration list for PBXNativeTarget "abc" */ = {
			isa = XCConfigurationList;
			buildConfigurations = (
				B98D8D761E74F973006EFD6B /* Debug */,
				B98D8D771E74F973006EFD6B /* Release */,
			);
			defaultConfigurationIsVisible = 0;
		};
/* End XCConfigurationList section */
	};
	rootObject = B98D8D5B1E74F973006EFD6B /* Project object */;
}
